{
    "_meta": {
        "hash": {
            "sha256": "341f9f33c42dfbbeb08032b24c1a3a875c65904994efdae95dd931b527febf45"
        },
        "pipfile-spec": 6,
        "requires": {
            "python_version": "3.7"
        },
        "sources": [
            {
                "name": "pypi",
                "url": "https://pypi.org/simple",
                "verify_ssl": true
            }
        ]
    },
    "default": {
        "msgpack": {
            "hashes": [
                "sha256:102802a9433dcf36f939b632cce9dea87310b2f163bb37ffc8bc343677726e88",
                "sha256:3055c44f39833b6edb27fd48028dc7822d1fd75bfeef8a2434caed8d62bb24ee",
                "sha256:3b7fd45c8e9e537640f541d3699b1773cf5cb9345d4a75f93baa8f055084e59c",
                "sha256:64abc6bf3a2ac301702f5760f4e6e227d0fd4d84d9014ef9a40faa9d43365259",
                "sha256:6e962c4adc7970af5a3d6a4f9bb87c617b1bd041fd9ab42355a263d421017ed9",
                "sha256:72259661a83f8b08ef6ee83927ce4937f841226735824af5b10a536d886eeb36",
                "sha256:78e297c3996fd9f35090fbddd1c148c2a71e0d6024500bcf3af90a4b9698bc19",
                "sha256:85f1342b9d7549dd3daf494100d47a3dc7daae703cdbfc2c9ee7bbdc8a492cba",
                "sha256:8ce9f88b6cb75d74eda2a5522e5c2e5ec0f17fd78605d6502abb61f46b306865",
                "sha256:8d0af8d64198e4b4f942a15ea9cb0dd9c4a0bd3e4e2ba57425e108bdbd4c3a0f",
                "sha256:9936ce3a530ca78db60b6631003b5f4ba383cfb1d9830a27d1b5c61857226e2f",
                "sha256:b688721df31c4bad6f508fb262719eb7e4a3532024c66d3c44ad6a4704519dda",
                "sha256:c28478328e9cd868ce54e8465eae9fa3605790450c66cc7e8bc416526917ef6e",
                "sha256:cb4e228f3d93779a1d77a1e9d72759b79dfa2975c1a5bd2a090eaa98239fa4b1",
                "sha256:d03d0b6e4adf5bd1cbf7a81a20a56c883351947a57b7b85235181b057adf1120",
                "sha256:d2b179faebd278e5f4e255a6bbc7ccb467f02ed5c4c00c8a68dc926002223a20",
                "sha256:f1a8f7bd84be103979a73da57be3cb929d702a656162ee466597b816fa9eec97"
            ],
            "index": "pypi",
            "version": "==0.6.0"
        }
    },
    "develop": {}
}
